
Microsoft Visual Studio Solution File, Format Version 12.00
# Visual Studio Version 16
VisualStudioVersion = 16.0.31306.274
MinimumVisualStudioVersion = 10.0.40219.1
Project("{FAE04EC0-301F-11D3-BF4B-00C04F79EFBC}") = "DiviCalc.Android", "DiviCalc\DiviCalc.Android\DiviCalc.Android.csproj", "{06903654-6267-4A5C-B94B-952A73B373C0}"
EndProject
Project("{FAE04EC0-301F-11D3-BF4B-00C04F79EFBC}") = "DiviCalc.iOS", "DiviCalc\DiviCalc.iOS\DiviCalc.iOS.csproj", "{7A979B79-2C4A-4C0B-B877-9547A9BAFF3C}"
EndProject
Project("{FAE04EC0-301F-11D3-BF4B-00C04F79EFBC}") = "DiviCalc", "DiviCalc\DiviCalc\DiviCalc.csproj", "{2962B314-3F92-4473-9245-64EB4C264CDD}"
EndProject
Global
	GlobalSection(SolutionConfigurationPlatforms) = preSolution
		Debug|Any CPU = Debug|Any CPU
		Debug|iPhone = Debug|iPhone
		Debug|iPhoneSimulator = Debug|iPhoneSimulator
		Release|Any CPU = Release|Any CPU
		Release|iPhone = Release|iPhone
		Release|iPhoneSimulator = Release|iPhoneSimulator
	EndGlobalSection
	GlobalSection(ProjectConfigurationPlatforms) = postSolution
		{06903654-6267-4A5C-B94B-952A73B373C0}.Debug|Any CPU.ActiveCfg = Debug|Any CPU
		{06903654-6267-4A5C-B94B-952A73B373C0}.Debug|Any CPU.Build.0 = Debug|Any CPU
		{06903654-6267-4A5C-B94B-952A73B373C0}.Debug|Any CPU.Deploy.0 = Debug|Any CPU
		{06903654-6267-4A5C-B94B-952A73B373C0}.Debug|iPhone.ActiveCfg = Debug|Any CPU
		{06903654-6267-4A5C-B94B-952A73B373C0}.Debug|iPhone.Build.0 = Debug|Any CPU
		{06903654-6267-4A5C-B94B-952A73B373C0}.Debug|iPhone.Deploy.0 = Debug|Any CPU
		{06903654-6267-4A5C-B94B-952A73B373C0}.Debug|iPhoneSimulator.ActiveCfg = Debug|Any CPU
		{06903654-6267-4A5C-B94B-952A73B373C0}.Debug|iPhoneSimulator.Build.0 = Debug|Any CPU
		{06903654-6267-4A5C-B94B-952A73B373C0}.Debug|iPhoneSimulator.Deploy.0 = Debug|Any CPU
		{06903654-6267-4A5C-B94B-952A73B373C0}.Release|Any CPU.ActiveCfg = Release|Any CPU
		{06903654-6267-4A5C-B94B-952A73B373C0}.Release|Any CPU.Build.0 = Release|Any CPU
		{06903654-6267-4A5C-B94B-952A73B373C0}.Release|Any CPU.Deploy.0 = Release|Any CPU
		{06903654-6267-4A5C-B94B-952A73B373C0}.Release|iPhone.ActiveCfg = Release|Any CPU
		{06903654-6267-4A5C-B94B-952A73B373C0}.Release|iPhone.Build.0 = Release|Any CPU
		{06903654-6267-4A5C-B94B-952A73B373C0}.Release|iPhone.Deploy.0 = Release|Any CPU
		{06903654-6267-4A5C-B94B-952A73B373C0}.Release|iPhoneSimulator.ActiveCfg = Release|Any CPU
		{06903654-6267-4A5C-B94B-952A73B373C0}.Release|iPhoneSimulator.Build.0 = Release|Any CPU
		{06903654-6267-4A5C-B94B-952A73B373C0}.Release|iPhoneSimulator.Deploy.0 = Release|Any CPU
		{7A979B79-2C4A-4C0B-B877-9547A9BAFF3C}.Debug|Any CPU.ActiveCfg = Debug|iPhone
		{7A979B79-2C4A-4C0B-B877-9547A9BAFF3C}.Debug|Any CPU.Build.0 = Debug|iPhone
		{7A979B79-2C4A-4C0B-B877-9547A9BAFF3C}.Debug|Any CPU.Deploy.0 = Debug|iPhone
		{7A979B79-2C4A-4C0B-B877-9547A9BAFF3C}.Debug|iPhone.ActiveCfg = Debug|iPhone
		{7A979B79-2C4A-4C0B-B877-9547A9BAFF3C}.Debug|iPhone.Build.0 = Debug|iPhone
		{7A979B79-2C4A-4C0B-B877-9547A9BAFF3C}.Debug|iPhone.Deploy.0 = Debug|iPhone
		{7A979B79-2C4A-4C0B-B877-9547A9BAFF3C}.Debug|iPhoneSimulator.ActiveCfg = Debug|iPhoneSimulator
		{7A979B79-2C4A-4C0B-B877-9547A9BAFF3C}.Debug|iPhoneSimulator.Build.0 = Debug|iPhoneSimulator
		{7A979B79-2C4A-4C0B-B877-9547A9BAFF3C}.Debug|iPhoneSimulator.Deploy.0 = Debug|iPhoneSimulator
		{7A979B79-2C4A-4C0B-B877-9547A9BAFF3C}.Release|Any CPU.ActiveCfg = Release|iPhoneSimulator
		{7A979B79-2C4A-4C0B-B877-9547A9BAFF3C}.Release|Any CPU.Build.0 = Release|iPhoneSimulator
		{7A979B79-2C4A-4C0B-B877-9547A9BAFF3C}.Release|Any CPU.Deploy.0 = Release|iPhoneSimulator
		{7A979B79-2C4A-4C0B-B877-9547A9BAFF3C}.Release|iPhone.ActiveCfg = Release|iPhone
		{7A979B79-2C4A-4C0B-B877-9547A9BAFF3C}.Release|iPhone.Build.0 = Release|iPhone
		{7A979B79-2C4A-4C0B-B877-9547A9BAFF3C}.Release|iPhone.Deploy.0 = Release|iPhone
		{7A979B79-2C4A-4C0B-B877-9547A9BAFF3C}.Release|iPhoneSimulator.ActiveCfg = Release|iPhoneSimulator
		{7A979B79-2C4A-4C0B-B877-9547A9BAFF3C}.Release|iPhoneSimulator.Build.0 = Release|iPhoneSimulator
		{7A979B79-2C4A-4C0B-B877-9547A9BAFF3C}.Release|iPhoneSimulator.Deploy.0 = Release|iPhoneSimulator
		{2962B314-3F92-4473-9245-64EB4C264CDD}.Debug|Any CPU.ActiveCfg = Debug|Any CPU
		{2962B314-3F92-4473-9245-64EB4C264CDD}.Debug|Any CPU.Build.0 = Debug|Any CPU
		{2962B314-3F92-4473-9245-64EB4C264CDD}.Debug|Any CPU.Deploy.0 = Debug|Any CPU
		{2962B314-3F92-4473-9245-64EB4C264CDD}.Debug|iPhone.ActiveCfg = Debug|Any CPU
		{2962B314-3F92-4473-9245-64EB4C264CDD}.Debug|iPhone.Build.0 = Debug|Any CPU
		{2962B314-3F92-4473-9245-64EB4C264CDD}.Debug|iPhone.Deploy.0 = Debug|Any CPU
		{2962B314-3F92-4473-9245-64EB4C264CDD}.Debug|iPhoneSimulator.ActiveCfg = Debug|Any CPU
		{2962B314-3F92-4473-9245-64EB4C264CDD}.Debug|iPhoneSimulator.Build.0 = Debug|Any CPU
		{2962B314-3F92-4473-9245-64EB4C264CDD}.Debug|iPhoneSimulator.Deploy.0 = Debug|Any CPU
		{2962B314-3F92-4473-9245-64EB4C264CDD}.Release|Any CPU.ActiveCfg = Release|Any CPU
		{2962B314-3F92-4473-9245-64EB4C264CDD}.Release|Any CPU.Build.0 = Release|Any CPU
		{2962B314-3F92-4473-9245-64EB4C264CDD}.Release|Any CPU.Deploy.0 = Release|Any CPU
		{2962B314-3F92-4473-9245-64EB4C264CDD}.Release|iPhone.ActiveCfg = Release|Any CPU
		{2962B314-3F92-4473-9245-64EB4C264CDD}.Release|iPhone.Build.0 = Release|Any CPU
		{2962B314-3F92-4473-9245-64EB4C264CDD}.Release|iPhone.Deploy.0 = Release|Any CPU
		{2962B314-3F92-4473-9245-64EB4C264CDD}.Release|iPhoneSimulator.ActiveCfg = Release|Any CPU
		{2962B314-3F92-4473-9245-64EB4C264CDD}.Release|iPhoneSimulator.Build.0 = Release|Any CPU
		{2962B314-3F92-4473-9245-64EB4C264CDD}.Release|iPhoneSimulator.Deploy.0 = Release|Any CPU
	EndGlobalSection
	GlobalSection(SolutionProperties) = preSolution
		HideSolutionNode = FALSE
	EndGlobalSection
	GlobalSection(ExtensibilityGlobals) = postSolution
		SolutionGuid = {4939A11A-F857-4A72-8FEE-9799A79FBAFB}
	EndGlobalSection
EndGlobal
